
Microsoft Visual Studio Solution File, Format Version 12.00
# Visual Studio Version 17
VisualStudioVersion = 17.13.35913.81
MinimumVisualStudioVersion = 10.0.40219.1
Project("{FAE04EC0-301F-11D3-BF4B-00C04F79EFBC}") = "GestaoFacil.Server", "GestaoFacil.Server\GestaoFacil.Server.csproj", "{9AC621A8-CC4B-4AB1-8876-71D32B266FAD}"
EndProject
Project("{FAE04EC0-301F-11D3-BF4B-00C04F79EFBC}") = "GestaoFacil.Server.xUnitTests", "GestaoFacil.Server.xUnitTests\GestaoFacil.Server.xUnitTests.csproj", "{D267F56F-87FB-4EA3-9E05-44281D2E3C0A}"
EndProject
Global
	GlobalSection(SolutionConfigurationPlatforms) = preSolution
		Debug|Any CPU = Debug|Any CPU
		Release|Any CPU = Release|Any CPU
	EndGlobalSection
	GlobalSection(ProjectConfigurationPlatforms) = postSolution
		{9AC621A8-CC4B-4AB1-8876-71D32B266FAD}.Debug|Any CPU.ActiveCfg = Debug|Any CPU
		{9AC621A8-CC4B-4AB1-8876-71D32B266FAD}.Debug|Any CPU.Build.0 = Debug|Any CPU
		{9AC621A8-CC4B-4AB1-8876-71D32B266FAD}.Release|Any CPU.ActiveCfg = Release|Any CPU
		{9AC621A8-CC4B-4AB1-8876-71D32B266FAD}.Release|Any CPU.Build.0 = Release|Any CPU
		{D267F56F-87FB-4EA3-9E05-44281D2E3C0A}.Debug|Any CPU.ActiveCfg = Debug|Any CPU
		{D267F56F-87FB-4EA3-9E05-44281D2E3C0A}.Debug|Any CPU.Build.0 = Debug|Any CPU
		{D267F56F-87FB-4EA3-9E05-44281D2E3C0A}.Release|Any CPU.ActiveCfg = Release|Any CPU
		{D267F56F-87FB-4EA3-9E05-44281D2E3C0A}.Release|Any CPU.Build.0 = Release|Any CPU
	EndGlobalSection
	GlobalSection(SolutionProperties) = preSolution
		HideSolutionNode = FALSE
	EndGlobalSection
	GlobalSection(ExtensibilityGlobals) = postSolution
		SolutionGuid = {6650F609-76FB-41C1-BA87-F4ED990C7066}
	EndGlobalSection
EndGlobal
